{
  "name": "netlify-local-plugins",
  "version": "1.0.0",
  "lockfileVersion": 3,
  "requires": true,
  "packages": {
    "": {
      "name": "netlify-local-plugins",
      "version": "1.0.0",
      "license": "MIT",
      "dependencies": {
        "@netlify/plugin-nextjs": "5.14.4"
      }
    },
    "node_modules/@netlify/plugin-nextjs": {
      "version": "5.14.4",
      "resolved": "https://registry.npmjs.org/@netlify/plugin-nextjs/-/plugin-nextjs-5.14.4.tgz",
      "integrity": "sha512-HnMHG0tksVoS2E6ImcX9o/EcVH1dckb8ZL1FyghKRsEPYCo+20hQ6zncd5EEOW7K22UN+n1EprCROWUmsbhYMg==",
      "license": "MIT",
      "engines": {
        "node": ">=18.0.0"
      }
    }
  }
}
